
Microsoft Visual Studio Solution File, Format Version 12.00
# Visual Studio 15
VisualStudioVersion = 15.0.27703.2026
MinimumVisualStudioVersion = 10.0.40219.1
Project("{FAE04EC0-301F-11D3-BF4B-00C04F79EFBC}") = "Ginger", "Ginger\Ginger.csproj", "{455C2995-1BB8-4358-93EB-ECB8AC72DB56}"
EndProject
Project("{9A19103F-16F7-4668-BE54-9A1E7A4F7556}") = "GingerCoreCommon", "GingerCoreCommon\GingerCoreCommon.csproj", "{9D569B65-EC6C-4677-A59B-CF12C24B5EB0}"
EndProject
Project("{9A19103F-16F7-4668-BE54-9A1E7A4F7556}") = "GingerUtils", "GingerUtils\GingerUtils.csproj", "{80A06C2B-7DA2-4F78-BF2A-5C0234F2349E}"
EndProject
Project("{FAE04EC0-301F-11D3-BF4B-00C04F79EFBC}") = "DeveloperZone", "DeveloperZone\DeveloperZone.csproj", "{190E6C52-A12A-4023-AD7A-AAA81D15A1D4}"
EndProject
Project("{9A19103F-16F7-4668-BE54-9A1E7A4F7556}") = "GingerUtilsTest", "GingerUtilsTest\GingerUtilsTest.csproj", "{C5C54CA5-0CEB-4557-8D1B-3AF8557EB026}"
EndProject
Project("{9A19103F-16F7-4668-BE54-9A1E7A4F7556}") = "GingerCoreCommonTest", "GingerCoreCommonTest\GingerCoreCommonTest.csproj", "{A9768CEB-0B89-4B04-BBC1-FE1E3A5A39F8}"
EndProject
Global
	GlobalSection(SolutionConfigurationPlatforms) = preSolution
		Debug|Any CPU = Debug|Any CPU
		Release|Any CPU = Release|Any CPU
	EndGlobalSection
	GlobalSection(ProjectConfigurationPlatforms) = postSolution
		{455C2995-1BB8-4358-93EB-ECB8AC72DB56}.Debug|Any CPU.ActiveCfg = Debug|Any CPU
		{455C2995-1BB8-4358-93EB-ECB8AC72DB56}.Debug|Any CPU.Build.0 = Debug|Any CPU
		{455C2995-1BB8-4358-93EB-ECB8AC72DB56}.Release|Any CPU.ActiveCfg = Release|Any CPU
		{455C2995-1BB8-4358-93EB-ECB8AC72DB56}.Release|Any CPU.Build.0 = Release|Any CPU
		{9D569B65-EC6C-4677-A59B-CF12C24B5EB0}.Debug|Any CPU.ActiveCfg = Debug|Any CPU
		{9D569B65-EC6C-4677-A59B-CF12C24B5EB0}.Debug|Any CPU.Build.0 = Debug|Any CPU
		{9D569B65-EC6C-4677-A59B-CF12C24B5EB0}.Release|Any CPU.ActiveCfg = Release|Any CPU
		{9D569B65-EC6C-4677-A59B-CF12C24B5EB0}.Release|Any CPU.Build.0 = Release|Any CPU
		{80A06C2B-7DA2-4F78-BF2A-5C0234F2349E}.Debug|Any CPU.ActiveCfg = Debug|Any CPU
		{80A06C2B-7DA2-4F78-BF2A-5C0234F2349E}.Debug|Any CPU.Build.0 = Debug|Any CPU
		{80A06C2B-7DA2-4F78-BF2A-5C0234F2349E}.Release|Any CPU.ActiveCfg = Release|Any CPU
		{80A06C2B-7DA2-4F78-BF2A-5C0234F2349E}.Release|Any CPU.Build.0 = Release|Any CPU
		{190E6C52-A12A-4023-AD7A-AAA81D15A1D4}.Debug|Any CPU.ActiveCfg = Debug|Any CPU
		{190E6C52-A12A-4023-AD7A-AAA81D15A1D4}.Debug|Any CPU.Build.0 = Debug|Any CPU
		{190E6C52-A12A-4023-AD7A-AAA81D15A1D4}.Release|Any CPU.ActiveCfg = Release|Any CPU
		{190E6C52-A12A-4023-AD7A-AAA81D15A1D4}.Release|Any CPU.Build.0 = Release|Any CPU
		{C5C54CA5-0CEB-4557-8D1B-3AF8557EB026}.Debug|Any CPU.ActiveCfg = Debug|Any CPU
		{C5C54CA5-0CEB-4557-8D1B-3AF8557EB026}.Debug|Any CPU.Build.0 = Debug|Any CPU
		{C5C54CA5-0CEB-4557-8D1B-3AF8557EB026}.Release|Any CPU.ActiveCfg = Release|Any CPU
		{C5C54CA5-0CEB-4557-8D1B-3AF8557EB026}.Release|Any CPU.Build.0 = Release|Any CPU
		{A9768CEB-0B89-4B04-BBC1-FE1E3A5A39F8}.Debug|Any CPU.ActiveCfg = Debug|Any CPU
		{A9768CEB-0B89-4B04-BBC1-FE1E3A5A39F8}.Debug|Any CPU.Build.0 = Debug|Any CPU
		{A9768CEB-0B89-4B04-BBC1-FE1E3A5A39F8}.Release|Any CPU.ActiveCfg = Release|Any CPU
		{A9768CEB-0B89-4B04-BBC1-FE1E3A5A39F8}.Release|Any CPU.Build.0 = Release|Any CPU
	EndGlobalSection
	GlobalSection(SolutionProperties) = preSolution
		HideSolutionNode = FALSE
	EndGlobalSection
	GlobalSection(ExtensibilityGlobals) = postSolution
		SolutionGuid = {45CFD29B-91BB-4270-9501-9D9CB1E03645}
	EndGlobalSection
EndGlobal
